
Microsoft Visual Studio Solution File, Format Version 12.00
# Visual Studio 15
VisualStudioVersion = 15.0.27130.2020
MinimumVisualStudioVersion = 10.0.40219.1
Project("{FAE04EC0-301F-11D3-BF4B-00C04F79EFBC}") = "SalesRentals", "SalesRentals\SalesRentals.csproj", "{BE4E57F8-3A6E-488F-90AF-BFC21AF5625B}"
EndProject
Project("{FAE04EC0-301F-11D3-BF4B-00C04F79EFBC}") = "MyImageButton", "MyImageButton\MyImageButton.csproj", "{017DA7C8-AB92-404D-9484-90788B56A63A}"
EndProject
Global
	GlobalSection(SolutionConfigurationPlatforms) = preSolution
		Debug|Any CPU = Debug|Any CPU
		Release|Any CPU = Release|Any CPU
	EndGlobalSection
	GlobalSection(ProjectConfigurationPlatforms) = postSolution
		{BE4E57F8-3A6E-488F-90AF-BFC21AF5625B}.Debug|Any CPU.ActiveCfg = Debug|Any CPU
		{BE4E57F8-3A6E-488F-90AF-BFC21AF5625B}.Debug|Any CPU.Build.0 = Debug|Any CPU
		{BE4E57F8-3A6E-488F-90AF-BFC21AF5625B}.Release|Any CPU.ActiveCfg = Release|Any CPU
		{BE4E57F8-3A6E-488F-90AF-BFC21AF5625B}.Release|Any CPU.Build.0 = Release|Any CPU
		{017DA7C8-AB92-404D-9484-90788B56A63A}.Debug|Any CPU.ActiveCfg = Debug|Any CPU
		{017DA7C8-AB92-404D-9484-90788B56A63A}.Debug|Any CPU.Build.0 = Debug|Any CPU
		{017DA7C8-AB92-404D-9484-90788B56A63A}.Release|Any CPU.ActiveCfg = Release|Any CPU
		{017DA7C8-AB92-404D-9484-90788B56A63A}.Release|Any CPU.Build.0 = Release|Any CPU
	EndGlobalSection
	GlobalSection(SolutionProperties) = preSolution
		HideSolutionNode = FALSE
	EndGlobalSection
	GlobalSection(ExtensibilityGlobals) = postSolution
		SolutionGuid = {9EABBE53-4FF9-434B-9E1F-AB0D6E3D7270}
	EndGlobalSection
EndGlobal
